
Microsoft Visual Studio Solution File, Format Version 12.00
# Visual Studio Version 17
VisualStudioVersion = 17.0.31903.59
MinimumVisualStudioVersion = 10.0.40219.1
Project("{9A19103F-16F7-4668-BE54-9A1E7A4F7556}") = "FcisArchiveBlazor", "FcisArchiveBlazor\FcisArchiveBlazor.csproj", "{D2B02A69-E60C-4654-BEF7-A74252A26611}"
EndProject
Project("{9A19103F-16F7-4668-BE54-9A1E7A4F7556}") = "FCISQuestionsHub.Core", "FCISQuestionsHub.Core\FCISQuestionsHub.Core.csproj", "{F35E0797-9069-4734-9EAD-89EFAF1E8677}"
EndProject
Project("{9A19103F-16F7-4668-BE54-9A1E7A4F7556}") = "FCISQuestionsHub.EF", "FCISQuestionsHub.EF\FCISQuestionsHub.EF.csproj", "{FEEEC5AB-4DA6-4E09-8D72-15C3292BB82A}"
EndProject
Global
	GlobalSection(SolutionConfigurationPlatforms) = preSolution
		Debug|Any CPU = Debug|Any CPU
		Release|Any CPU = Release|Any CPU
	EndGlobalSection
	GlobalSection(ProjectConfigurationPlatforms) = postSolution
		{D2B02A69-E60C-4654-BEF7-A74252A26611}.Debug|Any CPU.ActiveCfg = Debug|Any CPU
		{D2B02A69-E60C-4654-BEF7-A74252A26611}.Debug|Any CPU.Build.0 = Debug|Any CPU
		{D2B02A69-E60C-4654-BEF7-A74252A26611}.Release|Any CPU.ActiveCfg = Release|Any CPU
		{D2B02A69-E60C-4654-BEF7-A74252A26611}.Release|Any CPU.Build.0 = Release|Any CPU
		{F35E0797-9069-4734-9EAD-89EFAF1E8677}.Debug|Any CPU.ActiveCfg = Debug|Any CPU
		{F35E0797-9069-4734-9EAD-89EFAF1E8677}.Debug|Any CPU.Build.0 = Debug|Any CPU
		{F35E0797-9069-4734-9EAD-89EFAF1E8677}.Release|Any CPU.ActiveCfg = Release|Any CPU
		{F35E0797-9069-4734-9EAD-89EFAF1E8677}.Release|Any CPU.Build.0 = Release|Any CPU
		{FEEEC5AB-4DA6-4E09-8D72-15C3292BB82A}.Debug|Any CPU.ActiveCfg = Debug|Any CPU
		{FEEEC5AB-4DA6-4E09-8D72-15C3292BB82A}.Debug|Any CPU.Build.0 = Debug|Any CPU
		{FEEEC5AB-4DA6-4E09-8D72-15C3292BB82A}.Release|Any CPU.ActiveCfg = Release|Any CPU
		{FEEEC5AB-4DA6-4E09-8D72-15C3292BB82A}.Release|Any CPU.Build.0 = Release|Any CPU
	EndGlobalSection
	GlobalSection(SolutionProperties) = preSolution
		HideSolutionNode = FALSE
	EndGlobalSection
	GlobalSection(ExtensibilityGlobals) = postSolution
		SolutionGuid = {6A707055-4641-48AA-A0C9-1AAD6D9CE565}
	EndGlobalSection
EndGlobal
