
Microsoft Visual Studio Solution File, Format Version 12.00
# Visual Studio Version 17
VisualStudioVersion = 17.0.31903.59
MinimumVisualStudioVersion = 10.0.40219.1
Project("{9A19103F-16F7-4668-BE54-9A1E7A4F7556}") = "FcisArchiveBlazor", "FcisArchiveBlazor\FcisArchiveBlazor.csproj", "{D2B02A69-E60C-4654-BEF7-A74252A26611}"
EndProject
Project("{9A19103F-16F7-4668-BE54-9A1E7A4F7556}") = "FCISQuestionsHub.EF", "..\FCIS-Deploy-main\FCISQuestionsHub.EF\FCISQuestionsHub.EF.csproj", "{EECB35F3-A616-4131-8297-F6EA5CB70792}"
EndProject
Project("{9A19103F-16F7-4668-BE54-9A1E7A4F7556}") = "FCISQuestionsHub.Core", "..\FCIS-Deploy-main\FCISQuestionsHub.Core\FCISQuestionsHub.Core.csproj", "{8CCA50AB-A43C-40E7-BCE6-F3925523AD0D}"
EndProject
Global
	GlobalSection(SolutionConfigurationPlatforms) = preSolution
		Debug|Any CPU = Debug|Any CPU
		Release|Any CPU = Release|Any CPU
	EndGlobalSection
	GlobalSection(ProjectConfigurationPlatforms) = postSolution
		{D2B02A69-E60C-4654-BEF7-A74252A26611}.Debug|Any CPU.ActiveCfg = Debug|Any CPU
		{D2B02A69-E60C-4654-BEF7-A74252A26611}.Debug|Any CPU.Build.0 = Debug|Any CPU
		{D2B02A69-E60C-4654-BEF7-A74252A26611}.Release|Any CPU.ActiveCfg = Release|Any CPU
		{D2B02A69-E60C-4654-BEF7-A74252A26611}.Release|Any CPU.Build.0 = Release|Any CPU
		{EECB35F3-A616-4131-8297-F6EA5CB70792}.Debug|Any CPU.ActiveCfg = Debug|Any CPU
		{EECB35F3-A616-4131-8297-F6EA5CB70792}.Debug|Any CPU.Build.0 = Debug|Any CPU
		{EECB35F3-A616-4131-8297-F6EA5CB70792}.Release|Any CPU.ActiveCfg = Release|Any CPU
		{EECB35F3-A616-4131-8297-F6EA5CB70792}.Release|Any CPU.Build.0 = Release|Any CPU
		{8CCA50AB-A43C-40E7-BCE6-F3925523AD0D}.Debug|Any CPU.ActiveCfg = Debug|Any CPU
		{8CCA50AB-A43C-40E7-BCE6-F3925523AD0D}.Debug|Any CPU.Build.0 = Debug|Any CPU
		{8CCA50AB-A43C-40E7-BCE6-F3925523AD0D}.Release|Any CPU.ActiveCfg = Release|Any CPU
		{8CCA50AB-A43C-40E7-BCE6-F3925523AD0D}.Release|Any CPU.Build.0 = Release|Any CPU
	EndGlobalSection
	GlobalSection(SolutionProperties) = preSolution
		HideSolutionNode = FALSE
	EndGlobalSection
	GlobalSection(ExtensibilityGlobals) = postSolution
		SolutionGuid = {6A707055-4641-48AA-A0C9-1AAD6D9CE565}
	EndGlobalSection
EndGlobal
